
Microsoft Visual Studio Solution File, Format Version 12.00
# Visual Studio 15
VisualStudioVersion = 15.0.27130.2024
MinimumVisualStudioVersion = 10.0.40219.1
Project("{FAE04EC0-301F-11D3-BF4B-00C04F79EFBC}") = "SensorExplorer", "SensorExplorer.csproj", "{6947E094-45DA-44CA-B94F-36C3414D40F9}"
EndProject
Global
	GlobalSection(SolutionConfigurationPlatforms) = preSolution
		Debug|ARM = Debug|ARM
		Debug|x64 = Debug|x64
		Debug|x86 = Debug|x86
		Release|ARM = Release|ARM
		Release|x64 = Release|x64
		Release|x86 = Release|x86
	EndGlobalSection
	GlobalSection(ProjectConfigurationPlatforms) = postSolution
		{6947E094-45DA-44CA-B94F-36C3414D40F9}.Debug|ARM.ActiveCfg = Debug|ARM
		{6947E094-45DA-44CA-B94F-36C3414D40F9}.Debug|ARM.Build.0 = Debug|ARM
		{6947E094-45DA-44CA-B94F-36C3414D40F9}.Debug|ARM.Deploy.0 = Debug|ARM
		{6947E094-45DA-44CA-B94F-36C3414D40F9}.Debug|x64.ActiveCfg = Debug|x64
		{6947E094-45DA-44CA-B94F-36C3414D40F9}.Debug|x64.Build.0 = Debug|x64
		{6947E094-45DA-44CA-B94F-36C3414D40F9}.Debug|x64.Deploy.0 = Debug|x64
		{6947E094-45DA-44CA-B94F-36C3414D40F9}.Debug|x86.ActiveCfg = Debug|x86
		{6947E094-45DA-44CA-B94F-36C3414D40F9}.Debug|x86.Build.0 = Debug|x86
		{6947E094-45DA-44CA-B94F-36C3414D40F9}.Debug|x86.Deploy.0 = Debug|x86
		{6947E094-45DA-44CA-B94F-36C3414D40F9}.Release|ARM.ActiveCfg = Release|ARM
		{6947E094-45DA-44CA-B94F-36C3414D40F9}.Release|ARM.Build.0 = Release|ARM
		{6947E094-45DA-44CA-B94F-36C3414D40F9}.Release|ARM.Deploy.0 = Release|ARM
		{6947E094-45DA-44CA-B94F-36C3414D40F9}.Release|x64.ActiveCfg = Release|x64
		{6947E094-45DA-44CA-B94F-36C3414D40F9}.Release|x64.Build.0 = Release|x64
		{6947E094-45DA-44CA-B94F-36C3414D40F9}.Release|x64.Deploy.0 = Release|x64
		{6947E094-45DA-44CA-B94F-36C3414D40F9}.Release|x86.ActiveCfg = Release|x86
		{6947E094-45DA-44CA-B94F-36C3414D40F9}.Release|x86.Build.0 = Release|x86
		{6947E094-45DA-44CA-B94F-36C3414D40F9}.Release|x86.Deploy.0 = Release|x86
	EndGlobalSection
	GlobalSection(SolutionProperties) = preSolution
		HideSolutionNode = FALSE
	EndGlobalSection
	GlobalSection(ExtensibilityGlobals) = postSolution
		SolutionGuid = {A970C5D2-CB09-4BE8-88C0-756E925369C2}
	EndGlobalSection
EndGlobal
